
Microsoft Visual Studio Solution File, Format Version 12.00
# Visual Studio 15
VisualStudioVersion = 15.0.27004.2009
MinimumVisualStudioVersion = 10.0.40219.1
Project("{FAE04EC0-301F-11D3-BF4B-00C04F79EFBC}") = "Karaoke", "Karaoke\Karaoke.csproj", "{A4E6BC10-9A9D-4B3F-B6C1-DFA3CAD99351}"
EndProject
Global
	GlobalSection(SolutionConfigurationPlatforms) = preSolution
		Debug|Any CPU = Debug|Any CPU
		Release|Any CPU = Release|Any CPU
	EndGlobalSection
	GlobalSection(ProjectConfigurationPlatforms) = postSolution
		{A4E6BC10-9A9D-4B3F-B6C1-DFA3CAD99351}.Debug|Any CPU.ActiveCfg = Debug|Any CPU
		{A4E6BC10-9A9D-4B3F-B6C1-DFA3CAD99351}.Debug|Any CPU.Build.0 = Debug|Any CPU
		{A4E6BC10-9A9D-4B3F-B6C1-DFA3CAD99351}.Release|Any CPU.ActiveCfg = Release|Any CPU
		{A4E6BC10-9A9D-4B3F-B6C1-DFA3CAD99351}.Release|Any CPU.Build.0 = Release|Any CPU
	EndGlobalSection
	GlobalSection(SolutionProperties) = preSolution
		HideSolutionNode = FALSE
	EndGlobalSection
	GlobalSection(ExtensibilityGlobals) = postSolution
		SolutionGuid = {BC8952BD-1ABF-43CA-A6A7-1EBE053607B1}
	EndGlobalSection
EndGlobal
